{
  "nodes": {
    "catppuccin": {
      "flake": false,
      "locked": {
        "lastModified": 1702651268,
        "narHash": "sha256-zFYqYgUdVuUPODmLlwu1wwTUM2cl3UTmoBV0JZdbhWE=",
        "owner": "catppuccin",
        "repo": "nvim",
        "rev": "079500a625f3ae5aa6efb758f1a17fe4c7a57e52",
        "type": "github"
      },
      "original": {
        "owner": "catppuccin",
        "repo": "nvim",
        "type": "github"
      }
    },
    "dashboard-nvim": {
      "flake": false,
      "locked": {
        "lastModified": 1699578883,
        "narHash": "sha256-LNjYIRL5xZyLgFkoTu3K5USOfk1mtaXe5RhKBAbzYRw=",
        "owner": "nvimdev",
        "repo": "dashboard-nvim",
        "rev": "63df28409d940f9cac0a925df09d3dc369db9841",
        "type": "github"
      },
      "original": {
        "owner": "nvimdev",
        "repo": "dashboard-nvim",
        "type": "github"
      }
    },
    "flake-compat": {
      "flake": false,
      "locked": {
        "lastModified": 1696426674,
        "narHash": "sha256-kvjfFW7WAETZlt09AgDn1MrtKzP7t90Vf7vypd3OL1U=",
        "owner": "edolstra",
        "repo": "flake-compat",
        "rev": "0f9255e01c2351cc7d116c072cb317785dd33b33",
        "type": "github"
      },
      "original": {
        "owner": "edolstra",
        "repo": "flake-compat",
        "type": "github"
      }
    },
    "flake-parts": {
      "inputs": {
        "nixpkgs-lib": "nixpkgs-lib"
      },
      "locked": {
        "lastModified": 1701473968,
        "narHash": "sha256-YcVE5emp1qQ8ieHUnxt1wCZCC3ZfAS+SRRWZ2TMda7E=",
        "owner": "hercules-ci",
        "repo": "flake-parts",
        "rev": "34fed993f1674c8d06d58b37ce1e0fe5eebcb9f5",
        "type": "github"
      },
      "original": {
        "owner": "hercules-ci",
        "repo": "flake-parts",
        "type": "github"
      }
    },
    "flake-parts_2": {
      "inputs": {
        "nixpkgs-lib": [
          "neovim",
          "nixpkgs"
        ]
      },
      "locked": {
        "lastModified": 1701473968,
        "narHash": "sha256-YcVE5emp1qQ8ieHUnxt1wCZCC3ZfAS+SRRWZ2TMda7E=",
        "owner": "hercules-ci",
        "repo": "flake-parts",
        "rev": "34fed993f1674c8d06d58b37ce1e0fe5eebcb9f5",
        "type": "github"
      },
      "original": {
        "owner": "hercules-ci",
        "repo": "flake-parts",
        "type": "github"
      }
    },
    "flake-parts_3": {
      "inputs": {
        "nixpkgs-lib": [
          "neovim",
          "hercules-ci-effects",
          "nixpkgs"
        ]
      },
      "locked": {
        "lastModified": 1696343447,
        "narHash": "sha256-B2xAZKLkkeRFG5XcHHSXXcP7To9Xzr59KXeZiRf4vdQ=",
        "owner": "hercules-ci",
        "repo": "flake-parts",
        "rev": "c9afaba3dfa4085dbd2ccb38dfade5141e33d9d4",
        "type": "github"
      },
      "original": {
        "id": "flake-parts",
        "type": "indirect"
      }
    },
    "flake-parts_4": {
      "inputs": {
        "nixpkgs-lib": "nixpkgs-lib_2"
      },
      "locked": {
        "lastModified": 1685662779,
        "narHash": "sha256-cKDDciXGpMEjP1n6HlzKinN0H+oLmNpgeCTzYnsA2po=",
        "owner": "hercules-ci",
        "repo": "flake-parts",
        "rev": "71fb97f0d875fd4de4994dfb849f2c75e17eb6c3",
        "type": "github"
      },
      "original": {
        "owner": "hercules-ci",
        "repo": "flake-parts",
        "type": "github"
      }
    },
    "flake-utils": {
      "inputs": {
        "systems": "systems"
      },
      "locked": {
        "lastModified": 1694529238,
        "narHash": "sha256-zsNZZGTGnMOf9YpHKJqMSsa0dXbfmxeoJ7xHlrt+xmY=",
        "owner": "numtide",
        "repo": "flake-utils",
        "rev": "ff7b65b44d01cf9ba6a71320833626af21126384",
        "type": "github"
      },
      "original": {
        "owner": "numtide",
        "repo": "flake-utils",
        "type": "github"
      }
    },
    "hercules-ci-effects": {
      "inputs": {
        "flake-parts": "flake-parts_3",
        "nixpkgs": [
          "neovim",
          "nixpkgs"
        ]
      },
      "locked": {
        "lastModified": 1701009247,
        "narHash": "sha256-GuX16rzRze2y7CsewJLTV6qXkXWyEwp6VCZXi8HLruU=",
        "owner": "hercules-ci",
        "repo": "hercules-ci-effects",
        "rev": "31b6cd7569191bfcd0a548575b0e2ef953ed7d09",
        "type": "github"
      },
      "original": {
        "owner": "hercules-ci",
        "repo": "hercules-ci-effects",
        "type": "github"
      }
    },
    "neovim": {
      "inputs": {
        "flake-compat": "flake-compat",
        "flake-parts": "flake-parts_2",
        "hercules-ci-effects": "hercules-ci-effects",
        "neovim-flake": "neovim-flake",
        "nixpkgs": [
          "nixpkgs"
        ]
      },
      "locked": {
        "lastModified": 1703030927,
        "narHash": "sha256-esolCDKHGlBVVWGPCxsM5asXsM6No4a/cz5H/l0KrLs=",
        "owner": "nix-community",
        "repo": "neovim-nightly-overlay",
        "rev": "5cf6dd3c7b38b20271ad6f592a6f3f7facb850d0",
        "type": "github"
      },
      "original": {
        "owner": "nix-community",
        "repo": "neovim-nightly-overlay",
        "type": "github"
      }
    },
    "neovim-flake": {
      "inputs": {
        "flake-utils": "flake-utils",
        "nixpkgs": [
          "neovim",
          "nixpkgs"
        ]
      },
      "locked": {
        "dir": "contrib",
        "lastModified": 1703026968,
        "narHash": "sha256-o2IuVglUWDtBueruXIxsL5/JYXceMgptKU8LvGZMkNw=",
        "owner": "neovim",
        "repo": "neovim",
        "rev": "184f8423492f62b67b499efc53582dad4917ca5a",
        "type": "github"
      },
      "original": {
        "dir": "contrib",
        "owner": "neovim",
        "repo": "neovim",
        "type": "github"
      }
    },
    "nixd": {
      "inputs": {
        "flake-parts": "flake-parts_4",
        "nixpkgs": "nixpkgs"
      },
      "locked": {
        "lastModified": 1702723399,
        "narHash": "sha256-Rp1JG10AjtBVU4+UTDGUuZVLoaaq3TMELKaSidkFeH4=",
        "owner": "nix-community",
        "repo": "nixd",
        "rev": "2611b45cf786e7ba1679cd4adfe256ca85b371f5",
        "type": "github"
      },
      "original": {
        "owner": "nix-community",
        "repo": "nixd",
        "type": "github"
      }
    },
    "nixpkgs": {
      "locked": {
        "lastModified": 1686398752,
        "narHash": "sha256-nGWNQVhSw4VSL+S0D0cbrNR9vs9Bq7rlYR+1K5f5j6w=",
        "owner": "NixOS",
        "repo": "nixpkgs",
        "rev": "a30520bf8eabf8a5c37889d661e67a2dbcaa59e6",
        "type": "github"
      },
      "original": {
        "owner": "NixOS",
        "ref": "nixpkgs-unstable",
        "repo": "nixpkgs",
        "type": "github"
      }
    },
    "nixpkgs-lib": {
      "locked": {
        "dir": "lib",
        "lastModified": 1701253981,
        "narHash": "sha256-ztaDIyZ7HrTAfEEUt9AtTDNoCYxUdSd6NrRHaYOIxtk=",
        "owner": "NixOS",
        "repo": "nixpkgs",
        "rev": "e92039b55bcd58469325ded85d4f58dd5a4eaf58",
        "type": "github"
      },
      "original": {
        "dir": "lib",
        "owner": "NixOS",
        "ref": "nixos-unstable",
        "repo": "nixpkgs",
        "type": "github"
      }
    },
    "nixpkgs-lib_2": {
      "locked": {
        "dir": "lib",
        "lastModified": 1685564631,
        "narHash": "sha256-8ywr3AkblY4++3lIVxmrWZFzac7+f32ZEhH/A8pNscI=",
        "owner": "NixOS",
        "repo": "nixpkgs",
        "rev": "4f53efe34b3a8877ac923b9350c874e3dcd5dc0a",
        "type": "github"
      },
      "original": {
        "dir": "lib",
        "owner": "NixOS",
        "ref": "nixos-unstable",
        "repo": "nixpkgs",
        "type": "github"
      }
    },
    "nixpkgs_2": {
      "locked": {
        "lastModified": 1702830618,
        "narHash": "sha256-lvhwIvRwhOLgzbRuYkqHy4M5cQHYs4ktL6/hyuBS6II=",
        "owner": "NixOS",
        "repo": "nixpkgs",
        "rev": "91a00709aebb3602f172a0bf47ba1ef013e34835",
        "type": "github"
      },
      "original": {
        "owner": "NixOS",
        "ref": "nixos-unstable",
        "repo": "nixpkgs",
        "type": "github"
      }
    },
    "nvim-lspconfig": {
      "flake": false,
      "locked": {
        "lastModified": 1703214333,
        "narHash": "sha256-wTQJAwNKlWWPLPu5qhS6TlHSBJBbYTkmHP/7aP9BLnE=",
        "owner": "neovim",
        "repo": "nvim-lspconfig",
        "rev": "9099871a7c7e1c16122e00d70208a2cd02078d80",
        "type": "github"
      },
      "original": {
        "owner": "neovim",
        "repo": "nvim-lspconfig",
        "type": "github"
      }
    },
    "nvim-treesitter": {
      "flake": false,
      "locked": {
        "lastModified": 1703844347,
        "narHash": "sha256-Ma9pv168WwnxJmn+AdmnnEOQkmn+Flvb05gwhFvbdyA=",
        "owner": "nvim-treesitter",
        "repo": "nvim-treesitter",
        "rev": "362ebd3a210f20aab80be05557f216cbaf4531e6",
        "type": "github"
      },
      "original": {
        "owner": "nvim-treesitter",
        "repo": "nvim-treesitter",
        "type": "github"
      }
    },
    "nvim-web-devicons": {
      "flake": false,
      "locked": {
        "lastModified": 1703897014,
        "narHash": "sha256-jve/xoZssmZ51zNPQ6Ow5/nELRoejM2vrO3m6FDlnio=",
        "owner": "nvim-tree",
        "repo": "nvim-web-devicons",
        "rev": "808627b8d412b2a6b6fc6eed816fec3557198b01",
        "type": "github"
      },
      "original": {
        "owner": "nvim-tree",
        "repo": "nvim-web-devicons",
        "type": "github"
      }
    },
    "plenary-nvim": {
      "flake": false,
      "locked": {
        "lastModified": 1701343040,
        "narHash": "sha256-f8YVaXMG0ZyW6iotAgnftaYULnL69UPolRad6RTG27g=",
        "owner": "nvim-lua",
        "repo": "plenary.nvim",
        "rev": "55d9fe89e33efd26f532ef20223e5f9430c8b0c0",
        "type": "github"
      },
      "original": {
        "owner": "nvim-lua",
        "repo": "plenary.nvim",
        "type": "github"
      }
    },
    "root": {
      "inputs": {
        "catppuccin": "catppuccin",
        "dashboard-nvim": "dashboard-nvim",
        "flake-parts": "flake-parts",
        "neovim": "neovim",
        "nixd": "nixd",
        "nixpkgs": "nixpkgs_2",
        "nvim-lspconfig": "nvim-lspconfig",
        "nvim-treesitter": "nvim-treesitter",
        "nvim-web-devicons": "nvim-web-devicons",
        "plenary-nvim": "plenary-nvim",
        "rosepine": "rosepine",
        "startup-nvim": "startup-nvim"
      }
    },
    "rosepine": {
      "flake": false,
      "locked": {
        "lastModified": 1698263014,
        "narHash": "sha256-AuhVM1Hr/iTNHk8+wLc+7EGAzrd9ml2akR/9JOeWxew=",
        "owner": "rose-pine",
        "repo": "neovim",
        "rev": "92762f4fa2144c05db760ea254f4c399a56a7ef5",
        "type": "github"
      },
      "original": {
        "owner": "rose-pine",
        "repo": "neovim",
        "type": "github"
      }
    },
    "startup-nvim": {
      "flake": false,
      "locked": {
        "lastModified": 1698906270,
        "narHash": "sha256-H0dhUII76WErVED94ozSrB78R8/mRaZFHAWTJSiiECY=",
        "owner": "startup-nvim",
        "repo": "startup.nvim",
        "rev": "088de9f5af8a10dfc39f8e397e3e9646940c7323",
        "type": "github"
      },
      "original": {
        "owner": "startup-nvim",
        "repo": "startup.nvim",
        "type": "github"
      }
    },
    "systems": {
      "locked": {
        "lastModified": 1681028828,
        "narHash": "sha256-Vy1rq5AaRuLzOxct8nz4T6wlgyUR7zLU309k9mBC768=",
        "owner": "nix-systems",
        "repo": "default",
        "rev": "da67096a3b9bf56a91d16901293e51ba5b49a27e",
        "type": "github"
      },
      "original": {
        "owner": "nix-systems",
        "repo": "default",
        "type": "github"
      }
    }
  },
  "root": "root",
  "version": 7
}
